
Microsoft Visual Studio Solution File, Format Version 12.00
# Visual Studio Version 17
VisualStudioVersion = 17.5.002.0
MinimumVisualStudioVersion = 10.0.40219.1
Project("{9A19103F-16F7-4668-BE54-9A1E7A4F7556}") = "pratica-de-cs2", "pratica-de-cs2.csproj", "{D38C8B49-8AB9-45B1-98A6-ADABCCE84607}"
EndProject
Global
	GlobalSection(SolutionConfigurationPlatforms) = preSolution
		Debug|Any CPU = Debug|Any CPU
		Release|Any CPU = Release|Any CPU
	EndGlobalSection
	GlobalSection(ProjectConfigurationPlatforms) = postSolution
		{D38C8B49-8AB9-45B1-98A6-ADABCCE84607}.Debug|Any CPU.ActiveCfg = Debug|Any CPU
		{D38C8B49-8AB9-45B1-98A6-ADABCCE84607}.Debug|Any CPU.Build.0 = Debug|Any CPU
		{D38C8B49-8AB9-45B1-98A6-ADABCCE84607}.Release|Any CPU.ActiveCfg = Release|Any CPU
		{D38C8B49-8AB9-45B1-98A6-ADABCCE84607}.Release|Any CPU.Build.0 = Release|Any CPU
	EndGlobalSection
	GlobalSection(SolutionProperties) = preSolution
		HideSolutionNode = FALSE
	EndGlobalSection
	GlobalSection(ExtensibilityGlobals) = postSolution
		SolutionGuid = {9E63375D-6F90-4100-8CD4-6898433F2685}
	EndGlobalSection
EndGlobal
